
Microsoft Visual Studio Solution File, Format Version 12.00
# Visual Studio Version 17
VisualStudioVersion = 17.5.33516.290
MinimumVisualStudioVersion = 10.0.40219.1
Project("{FAE04EC0-301F-11D3-BF4B-00C04F79EFBC}") = "RealEstate.Domain", "RealEstate.Domain\RealEstate.Domain.csproj", "{9755C335-8CBE-402A-AE3C-9E98B8C5B419}"
EndProject
Project("{FAE04EC0-301F-11D3-BF4B-00C04F79EFBC}") = "RealEstate.Tests", "RealEstate.Tests\RealEstate.Tests.csproj", "{8833A159-C54A-4755-9CA7-9727CC2C1D34}"
EndProject
Project("{FAE04EC0-301F-11D3-BF4B-00C04F79EFBC}") = "RealEstate.Infrastructure.EfCore", "RealEstate.Infrastructure.EfCore\RealEstate.Infrastructure.EfCore.csproj", "{660832B4-1394-4755-8CC7-DAA5FC10B1B9}"
EndProject
Project("{FAE04EC0-301F-11D3-BF4B-00C04F79EFBC}") = "RealEstate.Application.Contracts", "RealEstate.Application.Contracts\RealEstate.Application.Contracts.csproj", "{DBA1F3C1-B634-4F88-ADF7-527FCCAE051B}"
EndProject
Project("{FAE04EC0-301F-11D3-BF4B-00C04F79EFBC}") = "RealEstate.Domain.Shared", "RealEstate.Domain.Shared\RealEstate.Domain.Shared.csproj", "{37BC2242-7754-4CB6-B9A5-9D53CBA059FD}"
EndProject
Project("{FAE04EC0-301F-11D3-BF4B-00C04F79EFBC}") = "RealEstate.Application", "RealEstate.Application\RealEstate.Application.csproj", "{7F090D23-55DA-4B26-B537-42DA339E1AAE}"
EndProject
Project("{FAE04EC0-301F-11D3-BF4B-00C04F79EFBC}") = "RealEstate.Api.Host", "RealEstate.Api.Host\RealEstate.Api.Host.csproj", "{061E950B-2785-1F84-81B8-8F1F00FA7C6A}"
EndProject
Project("{FAE04EC0-301F-11D3-BF4B-00C04F79EFBC}") = "RealEstate.AppHost", "RealEstate.AppHost\RealEstate.AppHost.csproj", "{5CE1A994-AB27-49CA-8EB5-116D831F6DA9}"
EndProject
Project("{FAE04EC0-301F-11D3-BF4B-00C04F79EFBC}") = "RealEstate.ServiceDefaults", "RealEstate.ServiceDefaults\RealEstate.ServiceDefaults.csproj", "{7F9DBAF2-08A7-7390-FBBC-4310C54B9462}"
EndProject
Project("{FAE04EC0-301F-11D3-BF4B-00C04F79EFBC}") = "RealEstate.Infrastructure.Kafka", "RealEstate.Infrastructure.Kafka\RealEstate.Infrastructure.Kafka.csproj", "{D26F1E54-ED61-44BE-8C48-63306E19B00C}"
EndProject
Global
	GlobalSection(SolutionConfigurationPlatforms) = preSolution
		Debug|Any CPU = Debug|Any CPU
		Release|Any CPU = Release|Any CPU
	EndGlobalSection
	GlobalSection(ProjectConfigurationPlatforms) = postSolution
		{9755C335-8CBE-402A-AE3C-9E98B8C5B419}.Debug|Any CPU.ActiveCfg = Debug|Any CPU
		{9755C335-8CBE-402A-AE3C-9E98B8C5B419}.Debug|Any CPU.Build.0 = Debug|Any CPU
		{9755C335-8CBE-402A-AE3C-9E98B8C5B419}.Release|Any CPU.ActiveCfg = Release|Any CPU
		{9755C335-8CBE-402A-AE3C-9E98B8C5B419}.Release|Any CPU.Build.0 = Release|Any CPU
		{8833A159-C54A-4755-9CA7-9727CC2C1D34}.Debug|Any CPU.ActiveCfg = Debug|Any CPU
		{8833A159-C54A-4755-9CA7-9727CC2C1D34}.Debug|Any CPU.Build.0 = Debug|Any CPU
		{8833A159-C54A-4755-9CA7-9727CC2C1D34}.Release|Any CPU.ActiveCfg = Release|Any CPU
		{8833A159-C54A-4755-9CA7-9727CC2C1D34}.Release|Any CPU.Build.0 = Release|Any CPU
		{660832B4-1394-4755-8CC7-DAA5FC10B1B9}.Debug|Any CPU.ActiveCfg = Debug|Any CPU
		{660832B4-1394-4755-8CC7-DAA5FC10B1B9}.Debug|Any CPU.Build.0 = Debug|Any CPU
		{660832B4-1394-4755-8CC7-DAA5FC10B1B9}.Release|Any CPU.ActiveCfg = Release|Any CPU
		{660832B4-1394-4755-8CC7-DAA5FC10B1B9}.Release|Any CPU.Build.0 = Release|Any CPU
		{DBA1F3C1-B634-4F88-ADF7-527FCCAE051B}.Debug|Any CPU.ActiveCfg = Debug|Any CPU
		{DBA1F3C1-B634-4F88-ADF7-527FCCAE051B}.Debug|Any CPU.Build.0 = Debug|Any CPU
		{DBA1F3C1-B634-4F88-ADF7-527FCCAE051B}.Release|Any CPU.ActiveCfg = Release|Any CPU
		{DBA1F3C1-B634-4F88-ADF7-527FCCAE051B}.Release|Any CPU.Build.0 = Release|Any CPU
		{37BC2242-7754-4CB6-B9A5-9D53CBA059FD}.Debug|Any CPU.ActiveCfg = Debug|Any CPU
		{37BC2242-7754-4CB6-B9A5-9D53CBA059FD}.Debug|Any CPU.Build.0 = Debug|Any CPU
		{37BC2242-7754-4CB6-B9A5-9D53CBA059FD}.Release|Any CPU.ActiveCfg = Release|Any CPU
		{37BC2242-7754-4CB6-B9A5-9D53CBA059FD}.Release|Any CPU.Build.0 = Release|Any CPU
		{7F090D23-55DA-4B26-B537-42DA339E1AAE}.Debug|Any CPU.ActiveCfg = Debug|Any CPU
		{7F090D23-55DA-4B26-B537-42DA339E1AAE}.Debug|Any CPU.Build.0 = Debug|Any CPU
		{7F090D23-55DA-4B26-B537-42DA339E1AAE}.Release|Any CPU.ActiveCfg = Release|Any CPU
		{7F090D23-55DA-4B26-B537-42DA339E1AAE}.Release|Any CPU.Build.0 = Release|Any CPU
		{061E950B-2785-1F84-81B8-8F1F00FA7C6A}.Debug|Any CPU.ActiveCfg = Debug|Any CPU
		{061E950B-2785-1F84-81B8-8F1F00FA7C6A}.Debug|Any CPU.Build.0 = Debug|Any CPU
		{061E950B-2785-1F84-81B8-8F1F00FA7C6A}.Release|Any CPU.ActiveCfg = Release|Any CPU
		{061E950B-2785-1F84-81B8-8F1F00FA7C6A}.Release|Any CPU.Build.0 = Release|Any CPU
		{5CE1A994-AB27-49CA-8EB5-116D831F6DA9}.Debug|Any CPU.ActiveCfg = Debug|Any CPU
		{5CE1A994-AB27-49CA-8EB5-116D831F6DA9}.Debug|Any CPU.Build.0 = Debug|Any CPU
		{5CE1A994-AB27-49CA-8EB5-116D831F6DA9}.Release|Any CPU.ActiveCfg = Release|Any CPU
		{5CE1A994-AB27-49CA-8EB5-116D831F6DA9}.Release|Any CPU.Build.0 = Release|Any CPU
		{7F9DBAF2-08A7-7390-FBBC-4310C54B9462}.Debug|Any CPU.ActiveCfg = Debug|Any CPU
		{7F9DBAF2-08A7-7390-FBBC-4310C54B9462}.Debug|Any CPU.Build.0 = Debug|Any CPU
		{7F9DBAF2-08A7-7390-FBBC-4310C54B9462}.Release|Any CPU.ActiveCfg = Release|Any CPU
		{7F9DBAF2-08A7-7390-FBBC-4310C54B9462}.Release|Any CPU.Build.0 = Release|Any CPU
		{D26F1E54-ED61-44BE-8C48-63306E19B00C}.Debug|Any CPU.ActiveCfg = Debug|Any CPU
		{D26F1E54-ED61-44BE-8C48-63306E19B00C}.Debug|Any CPU.Build.0 = Debug|Any CPU
		{D26F1E54-ED61-44BE-8C48-63306E19B00C}.Release|Any CPU.ActiveCfg = Release|Any CPU
		{D26F1E54-ED61-44BE-8C48-63306E19B00C}.Release|Any CPU.Build.0 = Release|Any CPU
	EndGlobalSection
	GlobalSection(SolutionProperties) = preSolution
		HideSolutionNode = FALSE
	EndGlobalSection
	GlobalSection(ExtensibilityGlobals) = postSolution
		SolutionGuid = {A9F2B847-9352-48C2-AF74-C813EFC227BE}
	EndGlobalSection
EndGlobal
